Microsoft Visual Studio Solution File, Format Version 8.00
Project("{8BC9CEB8-8B4A-11D0-8D11-00A0C91BC942}") = "FlightGear", "FlightGear.vcproj", "{49142EAF-B264-4B9F-B096-F669999EBB2E}"
	ProjectSection(ProjectDependencies) = postProject
		{22540CD3-D3CA-4C86-A773-80AEEE3ACDED} = {22540CD3-D3CA-4C86-A773-80AEEE3ACDED}
	EndProjectSection
EndProject
Project("{8BC9CEB8-8B4A-11D0-8D11-00A0C91BC942}") = "SimGear", "..\..\..\SimGear\projects\VC7.1\SimGear.vcproj", "{22540CD3-D3CA-4C86-A773-80AEEE3ACDED}"
	ProjectSection(ProjectDependencies) = postProject
	EndProjectSection
EndProject
Project("{8BC9CEB8-8B4A-11D0-8D11-00A0C91BC942}") = "fgadmin", "fgadmin.vcproj", "{7004E589-7EA0-4AFD-B432-3D5E00B55049}"
	ProjectSection(ProjectDependencies) = postProject
		{49142EAF-B264-4B9F-B096-F669999EBB2E} = {49142EAF-B264-4B9F-B096-F669999EBB2E}
		{22540CD3-D3CA-4C86-A773-80AEEE3ACDED} = {22540CD3-D3CA-4C86-A773-80AEEE3ACDED}
	EndProjectSection
EndProject
Project("{8BC9CEB8-8B4A-11D0-8D11-00A0C91BC942}") = "fgjs", "fgjs.vcproj", "{6749547A-6493-4754-8E0E-49FB3137C4CA}"
	ProjectSection(ProjectDependencies) = postProject
		{49142EAF-B264-4B9F-B096-F669999EBB2E} = {49142EAF-B264-4B9F-B096-F669999EBB2E}
		{22540CD3-D3CA-4C86-A773-80AEEE3ACDED} = {22540CD3-D3CA-4C86-A773-80AEEE3ACDED}
	EndProjectSection
EndProject
Project("{8BC9CEB8-8B4A-11D0-8D11-00A0C91BC942}") = "GPSsmooth", "GPSsmooth.vcproj", "{AE9CE7E4-8F21-4C34-82DD-4D0371C210DA}"
	ProjectSection(ProjectDependencies) = postProject
		{49142EAF-B264-4B9F-B096-F669999EBB2E} = {49142EAF-B264-4B9F-B096-F669999EBB2E}
		{22540CD3-D3CA-4C86-A773-80AEEE3ACDED} = {22540CD3-D3CA-4C86-A773-80AEEE3ACDED}
	EndProjectSection
EndProject
Project("{8BC9CEB8-8B4A-11D0-8D11-00A0C91BC942}") = "MIDGsmooth", "MIDGsmooth.vcproj", "{92010FAB-17A3-4891-AE6D-507214FEA508}"
	ProjectSection(ProjectDependencies) = postProject
		{49142EAF-B264-4B9F-B096-F669999EBB2E} = {49142EAF-B264-4B9F-B096-F669999EBB2E}
		{22540CD3-D3CA-4C86-A773-80AEEE3ACDED} = {22540CD3-D3CA-4C86-A773-80AEEE3ACDED}
	EndProjectSection
EndProject
Project("{8BC9CEB8-8B4A-11D0-8D11-00A0C91BC942}") = "UGsmooth", "UGsmooth.vcproj", "{EEEEB798-BFFD-425F-86F9-03C6FE6B8B99}"
	ProjectSection(ProjectDependencies) = postProject
		{49142EAF-B264-4B9F-B096-F669999EBB2E} = {49142EAF-B264-4B9F-B096-F669999EBB2E}
		{22540CD3-D3CA-4C86-A773-80AEEE3ACDED} = {22540CD3-D3CA-4C86-A773-80AEEE3ACDED}
	EndProjectSection
EndProject
Project("{8BC9CEB8-8B4A-11D0-8D11-00A0C91BC942}") = "yasim", "yasim.vcproj", "{800CB1FF-C398-4B81-B3D6-8BBD9E0897D2}"
	ProjectSection(ProjectDependencies) = postProject
		{49142EAF-B264-4B9F-B096-F669999EBB2E} = {49142EAF-B264-4B9F-B096-F669999EBB2E}
		{22540CD3-D3CA-4C86-A773-80AEEE3ACDED} = {22540CD3-D3CA-4C86-A773-80AEEE3ACDED}
	EndProjectSection
EndProject
Project("{8BC9CEB8-8B4A-11D0-8D11-00A0C91BC942}") = "metar", "metar.vcproj", "{FC424099-5D77-4BC2-A93F-2EE59F816B51}"
	ProjectSection(ProjectDependencies) = postProject
		{22540CD3-D3CA-4C86-A773-80AEEE3ACDED} = {22540CD3-D3CA-4C86-A773-80AEEE3ACDED}
	EndProjectSection
EndProject
Project("{8BC9CEB8-8B4A-11D0-8D11-00A0C91BC942}") = "terrasync", "terrasync.vcproj", "{874D3F55-6048-4068-A7C2-7FA6AF1F30EA}"
	ProjectSection(ProjectDependencies) = postProject
		{22540CD3-D3CA-4C86-A773-80AEEE3ACDED} = {22540CD3-D3CA-4C86-A773-80AEEE3ACDED}
	EndProjectSection
EndProject
Project("{8BC9CEB8-8B4A-11D0-8D11-00A0C91BC942}") = "xmlgrep", "xmlgrep.vcproj", "{1F40CF41-9836-4488-BAAF-560623665C12}"
	ProjectSection(ProjectDependencies) = postProject
	EndProjectSection
EndProject
Project("{8BC9CEB8-8B4A-11D0-8D11-00A0C91BC942}") = "fgviewer", "fgviewer.vcproj", "{0F13A557-EC52-481D-ADFB-9209C068FCEB}"
	ProjectSection(ProjectDependencies) = postProject
		{22540CD3-D3CA-4C86-A773-80AEEE3ACDED} = {22540CD3-D3CA-4C86-A773-80AEEE3ACDED}
	EndProjectSection
EndProject
Global
	GlobalSection(SolutionConfiguration) = preSolution
		Debug = Debug
		Release = Release
	EndGlobalSection
	GlobalSection(ProjectConfiguration) = postSolution
		{49142EAF-B264-4B9F-B096-F669999EBB2E}.Debug.ActiveCfg = Debug|Win32
		{49142EAF-B264-4B9F-B096-F669999EBB2E}.Debug.Build.0 = Debug|Win32
		{49142EAF-B264-4B9F-B096-F669999EBB2E}.Release.ActiveCfg = Release|Win32
		{49142EAF-B264-4B9F-B096-F669999EBB2E}.Release.Build.0 = Release|Win32
		{22540CD3-D3CA-4C86-A773-80AEEE3ACDED}.Debug.ActiveCfg = Debug|Win32
		{22540CD3-D3CA-4C86-A773-80AEEE3ACDED}.Debug.Build.0 = Debug|Win32
		{22540CD3-D3CA-4C86-A773-80AEEE3ACDED}.Release.ActiveCfg = Release|Win32
		{22540CD3-D3CA-4C86-A773-80AEEE3ACDED}.Release.Build.0 = Release|Win32
		{7004E589-7EA0-4AFD-B432-3D5E00B55049}.Debug.ActiveCfg = Debug|Win32
		{7004E589-7EA0-4AFD-B432-3D5E00B55049}.Debug.Build.0 = Debug|Win32
		{7004E589-7EA0-4AFD-B432-3D5E00B55049}.Release.ActiveCfg = Release|Win32
		{7004E589-7EA0-4AFD-B432-3D5E00B55049}.Release.Build.0 = Release|Win32
		{6749547A-6493-4754-8E0E-49FB3137C4CA}.Debug.ActiveCfg = Debug|Win32
		{6749547A-6493-4754-8E0E-49FB3137C4CA}.Debug.Build.0 = Debug|Win32
		{6749547A-6493-4754-8E0E-49FB3137C4CA}.Release.ActiveCfg = Release|Win32
		{6749547A-6493-4754-8E0E-49FB3137C4CA}.Release.Build.0 = Release|Win32
		{AE9CE7E4-8F21-4C34-82DD-4D0371C210DA}.Debug.ActiveCfg = Debug|Win32
		{AE9CE7E4-8F21-4C34-82DD-4D0371C210DA}.Debug.Build.0 = Debug|Win32
		{AE9CE7E4-8F21-4C34-82DD-4D0371C210DA}.Release.ActiveCfg = Release|Win32
		{AE9CE7E4-8F21-4C34-82DD-4D0371C210DA}.Release.Build.0 = Release|Win32
		{92010FAB-17A3-4891-AE6D-507214FEA508}.Debug.ActiveCfg = Debug|Win32
		{92010FAB-17A3-4891-AE6D-507214FEA508}.Debug.Build.0 = Debug|Win32
		{92010FAB-17A3-4891-AE6D-507214FEA508}.Release.ActiveCfg = Release|Win32
		{92010FAB-17A3-4891-AE6D-507214FEA508}.Release.Build.0 = Release|Win32
		{EEEEB798-BFFD-425F-86F9-03C6FE6B8B99}.Debug.ActiveCfg = Debug|Win32
		{EEEEB798-BFFD-425F-86F9-03C6FE6B8B99}.Debug.Build.0 = Debug|Win32
		{EEEEB798-BFFD-425F-86F9-03C6FE6B8B99}.Release.ActiveCfg = Release|Win32
		{EEEEB798-BFFD-425F-86F9-03C6FE6B8B99}.Release.Build.0 = Release|Win32
		{800CB1FF-C398-4B81-B3D6-8BBD9E0897D2}.Debug.ActiveCfg = Debug|Win32
		{800CB1FF-C398-4B81-B3D6-8BBD9E0897D2}.Debug.Build.0 = Debug|Win32
		{800CB1FF-C398-4B81-B3D6-8BBD9E0897D2}.Release.ActiveCfg = Release|Win32
		{800CB1FF-C398-4B81-B3D6-8BBD9E0897D2}.Release.Build.0 = Release|Win32
		{FC424099-5D77-4BC2-A93F-2EE59F816B51}.Debug.ActiveCfg = Debug|Win32
		{FC424099-5D77-4BC2-A93F-2EE59F816B51}.Debug.Build.0 = Debug|Win32
		{FC424099-5D77-4BC2-A93F-2EE59F816B51}.Release.ActiveCfg = Release|Win32
		{FC424099-5D77-4BC2-A93F-2EE59F816B51}.Release.Build.0 = Release|Win32
		{874D3F55-6048-4068-A7C2-7FA6AF1F30EA}.Debug.ActiveCfg = Debug|Win32
		{874D3F55-6048-4068-A7C2-7FA6AF1F30EA}.Debug.Build.0 = Debug|Win32
		{874D3F55-6048-4068-A7C2-7FA6AF1F30EA}.Release.ActiveCfg = Release|Win32
		{874D3F55-6048-4068-A7C2-7FA6AF1F30EA}.Release.Build.0 = Release|Win32
		{1F40CF41-9836-4488-BAAF-560623665C12}.Debug.ActiveCfg = Debug|Win32
		{1F40CF41-9836-4488-BAAF-560623665C12}.Debug.Build.0 = Debug|Win32
		{1F40CF41-9836-4488-BAAF-560623665C12}.Release.ActiveCfg = Release|Win32
		{1F40CF41-9836-4488-BAAF-560623665C12}.Release.Build.0 = Release|Win32
		{0F13A557-EC52-481D-ADFB-9209C068FCEB}.Debug.ActiveCfg = Debug|Win32
		{0F13A557-EC52-481D-ADFB-9209C068FCEB}.Debug.Build.0 = Debug|Win32
		{0F13A557-EC52-481D-ADFB-9209C068FCEB}.Release.ActiveCfg = Release|Win32
		{0F13A557-EC52-481D-ADFB-9209C068FCEB}.Release.Build.0 = Release|Win32
	EndGlobalSection
	GlobalSection(ExtensibilityGlobals) = postSolution
	EndGlobalSection
	GlobalSection(ExtensibilityAddIns) = postSolution
	EndGlobalSection
EndGlobal
