Microsoft Visual Studio Solution File, Format Version 8.00
Project("{8BC9CEB8-8B4A-11D0-8D11-00A0C91BC942}") = "FlightGear", "FlightGear.vcproj", "{49142EAF-B264-4B9F-B096-F669999EBB2E}"
	ProjectSection(ProjectDependencies) = postProject
		{22540CD3-D3CA-4C86-A773-80AEEE3ACDED} = {22540CD3-D3CA-4C86-A773-80AEEE3ACDED}
	EndProjectSection
EndProject
Project("{8BC9CEB8-8B4A-11D0-8D11-00A0C91BC942}") = "SimGear", "..\..\..\SimGear\projects\VC7.1\SimGear.vcproj", "{22540CD3-D3CA-4C86-A773-80AEEE3ACDED}"
	ProjectSection(ProjectDependencies) = postProject
	EndProjectSection
EndProject
Project("{8BC9CEB8-8B4A-11D0-8D11-00A0C91BC942}") = "fgadmin", "fgadmin.vcproj", "{7004E589-7EA0-4AFD-B432-3D5E00B55049}"
	ProjectSection(ProjectDependencies) = postProject
		{22540CD3-D3CA-4C86-A773-80AEEE3ACDED} = {22540CD3-D3CA-4C86-A773-80AEEE3ACDED}
	EndProjectSection
EndProject
Project("{8BC9CEB8-8B4A-11D0-8D11-00A0C91BC942}") = "3dconvert", "3dconvert.vcproj", "{D95DBC85-D945-4879-B6CF-5864BF8F5E2E}"
	ProjectSection(ProjectDependencies) = postProject
	EndProjectSection
EndProject
Project("{8BC9CEB8-8B4A-11D0-8D11-00A0C91BC942}") = "fgjs", "fgjs.vcproj", "{6749547A-6493-4754-8E0E-49FB3137C4CA}"
	ProjectSection(ProjectDependencies) = postProject
		{22540CD3-D3CA-4C86-A773-80AEEE3ACDED} = {22540CD3-D3CA-4C86-A773-80AEEE3ACDED}
	EndProjectSection
EndProject
Global
	GlobalSection(SolutionConfiguration) = preSolution
		Debug = Debug
		Release = Release
	EndGlobalSection
	GlobalSection(ProjectConfiguration) = postSolution
		{49142EAF-B264-4B9F-B096-F669999EBB2E}.Debug.ActiveCfg = Debug|Win32
		{49142EAF-B264-4B9F-B096-F669999EBB2E}.Debug.Build.0 = Debug|Win32
		{49142EAF-B264-4B9F-B096-F669999EBB2E}.Release.ActiveCfg = Release|Win32
		{49142EAF-B264-4B9F-B096-F669999EBB2E}.Release.Build.0 = Release|Win32
		{22540CD3-D3CA-4C86-A773-80AEEE3ACDED}.Debug.ActiveCfg = Debug|Win32
		{22540CD3-D3CA-4C86-A773-80AEEE3ACDED}.Debug.Build.0 = Debug|Win32
		{22540CD3-D3CA-4C86-A773-80AEEE3ACDED}.Release.ActiveCfg = Release|Win32
		{22540CD3-D3CA-4C86-A773-80AEEE3ACDED}.Release.Build.0 = Release|Win32
		{7004E589-7EA0-4AFD-B432-3D5E00B55049}.Debug.ActiveCfg = Debug|Win32
		{7004E589-7EA0-4AFD-B432-3D5E00B55049}.Debug.Build.0 = Debug|Win32
		{7004E589-7EA0-4AFD-B432-3D5E00B55049}.Release.ActiveCfg = Release|Win32
		{7004E589-7EA0-4AFD-B432-3D5E00B55049}.Release.Build.0 = Release|Win32
		{D95DBC85-D945-4879-B6CF-5864BF8F5E2E}.Debug.ActiveCfg = Debug|Win32
		{D95DBC85-D945-4879-B6CF-5864BF8F5E2E}.Debug.Build.0 = Debug|Win32
		{D95DBC85-D945-4879-B6CF-5864BF8F5E2E}.Release.ActiveCfg = Release|Win32
		{D95DBC85-D945-4879-B6CF-5864BF8F5E2E}.Release.Build.0 = Release|Win32
		{6749547A-6493-4754-8E0E-49FB3137C4CA}.Debug.ActiveCfg = Debug|Win32
		{6749547A-6493-4754-8E0E-49FB3137C4CA}.Debug.Build.0 = Debug|Win32
		{6749547A-6493-4754-8E0E-49FB3137C4CA}.Release.ActiveCfg = Release|Win32
		{6749547A-6493-4754-8E0E-49FB3137C4CA}.Release.Build.0 = Release|Win32
	EndGlobalSection
	GlobalSection(ExtensibilityGlobals) = postSolution
	EndGlobalSection
	GlobalSection(ExtensibilityAddIns) = postSolution
	EndGlobalSection
EndGlobal
