Microsoft Visual Studio Solution File, Format Version 7.00
Project("{8BC9CEB8-8B4A-11D0-8D11-00A0C91BC942}") = "fgadmin", "fgadmin\fgadmin.vcproj", "{7004E589-7EA0-4AFD-B432-3D5E00B55049}"
EndProject
Project("{8BC9CEB8-8B4A-11D0-8D11-00A0C91BC942}") = "untarka", "untarka\untarka.vcproj", "{9FC55559-6801-4537-BAA3-D145B1B5A2F8}"
EndProject
Global
	GlobalSection(SolutionConfiguration) = preSolution
		ConfigName.0 = Debug
		ConfigName.1 = Release
	EndGlobalSection
	GlobalSection(ProjectDependencies) = postSolution
	EndGlobalSection
	GlobalSection(ProjectConfiguration) = postSolution
		{7004E589-7EA0-4AFD-B432-3D5E00B55049}.Debug.ActiveCfg = Debug|Win32
		{7004E589-7EA0-4AFD-B432-3D5E00B55049}.Debug.Build.0 = Debug|Win32
		{7004E589-7EA0-4AFD-B432-3D5E00B55049}.Release.ActiveCfg = Release|Win32
		{7004E589-7EA0-4AFD-B432-3D5E00B55049}.Release.Build.0 = Release|Win32
		{9FC55559-6801-4537-BAA3-D145B1B5A2F8}.Debug.ActiveCfg = Debug|Win32
		{9FC55559-6801-4537-BAA3-D145B1B5A2F8}.Debug.Build.0 = Debug|Win32
		{9FC55559-6801-4537-BAA3-D145B1B5A2F8}.Release.ActiveCfg = Release|Win32
		{9FC55559-6801-4537-BAA3-D145B1B5A2F8}.Release.Build.0 = Release|Win32
	EndGlobalSection
	GlobalSection(ExtensibilityGlobals) = postSolution
	EndGlobalSection
	GlobalSection(ExtensibilityAddIns) = postSolution
	EndGlobalSection
EndGlobal
