Microsoft Visual Studio Solution File, Format Version 8.00
Project("{8BC9CEB8-8B4A-11D0-8D11-00A0C91BC942}") = "fgcom", "fgcom-vs2003.vcproj", "{CAB3A3E2-DE0B-46F0-9D6E-ABEDEEB3FCB0}"
	ProjectSection(ProjectDependencies) = postProject
		{90081FBB-8988-40ED-A5FD-7EA2B24B6337} = {90081FBB-8988-40ED-A5FD-7EA2B24B6337}
	EndProjectSection
EndProject
Project("{8BC9CEB8-8B4A-11D0-8D11-00A0C91BC942}") = "iaxclient_lib", "..\..\iaxclient\lib\win\vs2003\iaxclient_lib.vcproj", "{90081FBB-8988-40ED-A5FD-7EA2B24B6337}"
	ProjectSection(ProjectDependencies) = postProject
	EndProjectSection
EndProject
Global
	GlobalSection(SolutionConfiguration) = preSolution
		Debug = Debug
		Release = Release
	EndGlobalSection
	GlobalSection(ProjectConfiguration) = postSolution
		{CAB3A3E2-DE0B-46F0-9D6E-ABEDEEB3FCB0}.Debug.ActiveCfg = Debug|Win32
		{CAB3A3E2-DE0B-46F0-9D6E-ABEDEEB3FCB0}.Debug.Build.0 = Debug|Win32
		{CAB3A3E2-DE0B-46F0-9D6E-ABEDEEB3FCB0}.Release.ActiveCfg = Release|Win32
		{CAB3A3E2-DE0B-46F0-9D6E-ABEDEEB3FCB0}.Release.Build.0 = Release|Win32
		{90081FBB-8988-40ED-A5FD-7EA2B24B6337}.Debug.ActiveCfg = Debug|Win32
		{90081FBB-8988-40ED-A5FD-7EA2B24B6337}.Debug.Build.0 = Debug|Win32
		{90081FBB-8988-40ED-A5FD-7EA2B24B6337}.Release.ActiveCfg = Release|Win32
		{90081FBB-8988-40ED-A5FD-7EA2B24B6337}.Release.Build.0 = Release|Win32
	EndGlobalSection
	GlobalSection(ExtensibilityGlobals) = postSolution
	EndGlobalSection
	GlobalSection(ExtensibilityAddIns) = postSolution
	EndGlobalSection
EndGlobal
