Microsoft Visual Studio Solution File, Format Version 10.00
# Visual Studio 2008
Project("{8BC9CEB8-8B4A-11D0-8D11-00A0C91BC942}") = "fgadmin", "fgadmin\fgadmin.vcproj", "{7004E589-7EA0-4AFD-B432-3D5E00B55049}"
	ProjectSection(ProjectDependencies) = postProject
		{22540CD3-D3CA-4C86-A773-80AEEE3ACDED} = {22540CD3-D3CA-4C86-A773-80AEEE3ACDED}
	EndProjectSection
EndProject
Project("{8BC9CEB8-8B4A-11D0-8D11-00A0C91BC942}") = "fgjs", "fgjs\fgjs.vcproj", "{6749547A-6493-4754-8E0E-49FB3137C4CA}"
	ProjectSection(ProjectDependencies) = postProject
		{22540CD3-D3CA-4C86-A773-80AEEE3ACDED} = {22540CD3-D3CA-4C86-A773-80AEEE3ACDED}
	EndProjectSection
EndProject
Project("{8BC9CEB8-8B4A-11D0-8D11-00A0C91BC942}") = "fgviewer", "fgviewer\fgviewer.vcproj", "{0F13A557-EC52-481D-ADFB-9209C068FCEB}"
	ProjectSection(ProjectDependencies) = postProject
		{22540CD3-D3CA-4C86-A773-80AEEE3ACDED} = {22540CD3-D3CA-4C86-A773-80AEEE3ACDED}
	EndProjectSection
EndProject
Project("{8BC9CEB8-8B4A-11D0-8D11-00A0C91BC942}") = "FlightGear", "FlightGear\FlightGear.vcproj", "{49142EAF-B264-4B9F-B096-F669999EBB2E}"
	ProjectSection(ProjectDependencies) = postProject
		{22540CD3-D3CA-4C86-A773-80AEEE3ACDED} = {22540CD3-D3CA-4C86-A773-80AEEE3ACDED}
	EndProjectSection
EndProject
Project("{8BC9CEB8-8B4A-11D0-8D11-00A0C91BC942}") = "GPSsmooth", "GPSsmooth\GPSsmooth.vcproj", "{AE9CE7E4-8F21-4C34-82DD-4D0371C210DA}"
	ProjectSection(ProjectDependencies) = postProject
		{22540CD3-D3CA-4C86-A773-80AEEE3ACDED} = {22540CD3-D3CA-4C86-A773-80AEEE3ACDED}
	EndProjectSection
EndProject
Project("{8BC9CEB8-8B4A-11D0-8D11-00A0C91BC942}") = "metar", "metar\metar.vcproj", "{FC424099-5D77-4BC2-A93F-2EE59F816B51}"
	ProjectSection(ProjectDependencies) = postProject
		{22540CD3-D3CA-4C86-A773-80AEEE3ACDED} = {22540CD3-D3CA-4C86-A773-80AEEE3ACDED}
	EndProjectSection
EndProject
Project("{8BC9CEB8-8B4A-11D0-8D11-00A0C91BC942}") = "MIDGsmooth", "MIDGsmooth\MIDGsmooth.vcproj", "{92010FAB-17A3-4891-AE6D-507214FEA508}"
	ProjectSection(ProjectDependencies) = postProject
		{22540CD3-D3CA-4C86-A773-80AEEE3ACDED} = {22540CD3-D3CA-4C86-A773-80AEEE3ACDED}
	EndProjectSection
EndProject
Project("{8BC9CEB8-8B4A-11D0-8D11-00A0C91BC942}") = "terrasync", "terrasync\terrasync.vcproj", "{874D3F55-6048-4068-A7C2-7FA6AF1F30EA}"
	ProjectSection(ProjectDependencies) = postProject
		{22540CD3-D3CA-4C86-A773-80AEEE3ACDED} = {22540CD3-D3CA-4C86-A773-80AEEE3ACDED}
	EndProjectSection
EndProject
Project("{8BC9CEB8-8B4A-11D0-8D11-00A0C91BC942}") = "UGsmooth", "UGsmooth\UGsmooth.vcproj", "{EEEEB798-BFFD-425F-86F9-03C6FE6B8B99}"
	ProjectSection(ProjectDependencies) = postProject
		{22540CD3-D3CA-4C86-A773-80AEEE3ACDED} = {22540CD3-D3CA-4C86-A773-80AEEE3ACDED}
	EndProjectSection
EndProject
Project("{8BC9CEB8-8B4A-11D0-8D11-00A0C91BC942}") = "xmlgrep", "xmlgrep\xmlgrep.vcproj", "{1F40CF41-9836-4488-BAAF-560623665C12}"
EndProject
Project("{8BC9CEB8-8B4A-11D0-8D11-00A0C91BC942}") = "yasim", "yasim\yasim.vcproj", "{800CB1FF-C398-4B81-B3D6-8BBD9E0897D2}"
	ProjectSection(ProjectDependencies) = postProject
		{22540CD3-D3CA-4C86-A773-80AEEE3ACDED} = {22540CD3-D3CA-4C86-A773-80AEEE3ACDED}
	EndProjectSection
EndProject
Project("{8BC9CEB8-8B4A-11D0-8D11-00A0C91BC942}") = "SimGear", "..\..\..\Simgear\projects\VC90\SimGear.vcproj", "{22540CD3-D3CA-4C86-A773-80AEEE3ACDED}"
EndProject
Project("{8BC9CEB8-8B4A-11D0-8D11-00A0C91BC942}") = "fgpanel", "fgpanel\fgpanel.vcproj", "{FA27B353-179C-4DE8-B3AC-E260F8F790DD}"
	ProjectSection(ProjectDependencies) = postProject
		{22540CD3-D3CA-4C86-A773-80AEEE3ACDED} = {22540CD3-D3CA-4C86-A773-80AEEE3ACDED}
	EndProjectSection
EndProject
Global
	GlobalSection(SolutionConfigurationPlatforms) = preSolution
		Debug|Win32 = Debug|Win32
		Debug|x64 = Debug|x64
		Release|Win32 = Release|Win32
		Release|x64 = Release|x64
	EndGlobalSection
	GlobalSection(ProjectConfigurationPlatforms) = postSolution
		{7004E589-7EA0-4AFD-B432-3D5E00B55049}.Debug|Win32.ActiveCfg = Debug|Win32
		{7004E589-7EA0-4AFD-B432-3D5E00B55049}.Debug|Win32.Build.0 = Debug|Win32
		{7004E589-7EA0-4AFD-B432-3D5E00B55049}.Debug|x64.ActiveCfg = Debug|x64
		{7004E589-7EA0-4AFD-B432-3D5E00B55049}.Debug|x64.Build.0 = Debug|x64
		{7004E589-7EA0-4AFD-B432-3D5E00B55049}.Release|Win32.ActiveCfg = Release|Win32
		{7004E589-7EA0-4AFD-B432-3D5E00B55049}.Release|Win32.Build.0 = Release|Win32
		{7004E589-7EA0-4AFD-B432-3D5E00B55049}.Release|x64.ActiveCfg = Release|x64
		{7004E589-7EA0-4AFD-B432-3D5E00B55049}.Release|x64.Build.0 = Release|x64
		{6749547A-6493-4754-8E0E-49FB3137C4CA}.Debug|Win32.ActiveCfg = Debug|Win32
		{6749547A-6493-4754-8E0E-49FB3137C4CA}.Debug|Win32.Build.0 = Debug|Win32
		{6749547A-6493-4754-8E0E-49FB3137C4CA}.Debug|x64.ActiveCfg = Debug|x64
		{6749547A-6493-4754-8E0E-49FB3137C4CA}.Debug|x64.Build.0 = Debug|x64
		{6749547A-6493-4754-8E0E-49FB3137C4CA}.Release|Win32.ActiveCfg = Release|Win32
		{6749547A-6493-4754-8E0E-49FB3137C4CA}.Release|Win32.Build.0 = Release|Win32
		{6749547A-6493-4754-8E0E-49FB3137C4CA}.Release|x64.ActiveCfg = Release|x64
		{6749547A-6493-4754-8E0E-49FB3137C4CA}.Release|x64.Build.0 = Release|x64
		{0F13A557-EC52-481D-ADFB-9209C068FCEB}.Debug|Win32.ActiveCfg = Debug|Win32
		{0F13A557-EC52-481D-ADFB-9209C068FCEB}.Debug|Win32.Build.0 = Debug|Win32
		{0F13A557-EC52-481D-ADFB-9209C068FCEB}.Debug|x64.ActiveCfg = Debug|x64
		{0F13A557-EC52-481D-ADFB-9209C068FCEB}.Debug|x64.Build.0 = Debug|x64
		{0F13A557-EC52-481D-ADFB-9209C068FCEB}.Release|Win32.ActiveCfg = Release|Win32
		{0F13A557-EC52-481D-ADFB-9209C068FCEB}.Release|Win32.Build.0 = Release|Win32
		{0F13A557-EC52-481D-ADFB-9209C068FCEB}.Release|x64.ActiveCfg = Release|x64
		{0F13A557-EC52-481D-ADFB-9209C068FCEB}.Release|x64.Build.0 = Release|x64
		{49142EAF-B264-4B9F-B096-F669999EBB2E}.Debug|Win32.ActiveCfg = Debug|Win32
		{49142EAF-B264-4B9F-B096-F669999EBB2E}.Debug|Win32.Build.0 = Debug|Win32
		{49142EAF-B264-4B9F-B096-F669999EBB2E}.Debug|x64.ActiveCfg = Debug|x64
		{49142EAF-B264-4B9F-B096-F669999EBB2E}.Debug|x64.Build.0 = Debug|x64
		{49142EAF-B264-4B9F-B096-F669999EBB2E}.Release|Win32.ActiveCfg = Release|Win32
		{49142EAF-B264-4B9F-B096-F669999EBB2E}.Release|Win32.Build.0 = Release|Win32
		{49142EAF-B264-4B9F-B096-F669999EBB2E}.Release|x64.ActiveCfg = Release|x64
		{49142EAF-B264-4B9F-B096-F669999EBB2E}.Release|x64.Build.0 = Release|x64
		{AE9CE7E4-8F21-4C34-82DD-4D0371C210DA}.Debug|Win32.ActiveCfg = Debug|Win32
		{AE9CE7E4-8F21-4C34-82DD-4D0371C210DA}.Debug|Win32.Build.0 = Debug|Win32
		{AE9CE7E4-8F21-4C34-82DD-4D0371C210DA}.Debug|x64.ActiveCfg = Debug|x64
		{AE9CE7E4-8F21-4C34-82DD-4D0371C210DA}.Debug|x64.Build.0 = Debug|x64
		{AE9CE7E4-8F21-4C34-82DD-4D0371C210DA}.Release|Win32.ActiveCfg = Release|Win32
		{AE9CE7E4-8F21-4C34-82DD-4D0371C210DA}.Release|Win32.Build.0 = Release|Win32
		{AE9CE7E4-8F21-4C34-82DD-4D0371C210DA}.Release|x64.ActiveCfg = Release|x64
		{AE9CE7E4-8F21-4C34-82DD-4D0371C210DA}.Release|x64.Build.0 = Release|x64
		{FC424099-5D77-4BC2-A93F-2EE59F816B51}.Debug|Win32.ActiveCfg = Debug|Win32
		{FC424099-5D77-4BC2-A93F-2EE59F816B51}.Debug|Win32.Build.0 = Debug|Win32
		{FC424099-5D77-4BC2-A93F-2EE59F816B51}.Debug|x64.ActiveCfg = Debug|x64
		{FC424099-5D77-4BC2-A93F-2EE59F816B51}.Debug|x64.Build.0 = Debug|x64
		{FC424099-5D77-4BC2-A93F-2EE59F816B51}.Release|Win32.ActiveCfg = Release|Win32
		{FC424099-5D77-4BC2-A93F-2EE59F816B51}.Release|Win32.Build.0 = Release|Win32
		{FC424099-5D77-4BC2-A93F-2EE59F816B51}.Release|x64.ActiveCfg = Release|x64
		{FC424099-5D77-4BC2-A93F-2EE59F816B51}.Release|x64.Build.0 = Release|x64
		{92010FAB-17A3-4891-AE6D-507214FEA508}.Debug|Win32.ActiveCfg = Debug|Win32
		{92010FAB-17A3-4891-AE6D-507214FEA508}.Debug|Win32.Build.0 = Debug|Win32
		{92010FAB-17A3-4891-AE6D-507214FEA508}.Debug|x64.ActiveCfg = Debug|x64
		{92010FAB-17A3-4891-AE6D-507214FEA508}.Debug|x64.Build.0 = Debug|x64
		{92010FAB-17A3-4891-AE6D-507214FEA508}.Release|Win32.ActiveCfg = Release|Win32
		{92010FAB-17A3-4891-AE6D-507214FEA508}.Release|Win32.Build.0 = Release|Win32
		{92010FAB-17A3-4891-AE6D-507214FEA508}.Release|x64.ActiveCfg = Release|x64
		{92010FAB-17A3-4891-AE6D-507214FEA508}.Release|x64.Build.0 = Release|x64
		{874D3F55-6048-4068-A7C2-7FA6AF1F30EA}.Debug|Win32.ActiveCfg = Debug|Win32
		{874D3F55-6048-4068-A7C2-7FA6AF1F30EA}.Debug|Win32.Build.0 = Debug|Win32
		{874D3F55-6048-4068-A7C2-7FA6AF1F30EA}.Debug|x64.ActiveCfg = Debug|x64
		{874D3F55-6048-4068-A7C2-7FA6AF1F30EA}.Release|Win32.ActiveCfg = Release|Win32
		{874D3F55-6048-4068-A7C2-7FA6AF1F30EA}.Release|Win32.Build.0 = Release|Win32
		{874D3F55-6048-4068-A7C2-7FA6AF1F30EA}.Release|x64.ActiveCfg = Release|x64
		{EEEEB798-BFFD-425F-86F9-03C6FE6B8B99}.Debug|Win32.ActiveCfg = Debug|Win32
		{EEEEB798-BFFD-425F-86F9-03C6FE6B8B99}.Debug|Win32.Build.0 = Debug|Win32
		{EEEEB798-BFFD-425F-86F9-03C6FE6B8B99}.Debug|x64.ActiveCfg = Debug|x64
		{EEEEB798-BFFD-425F-86F9-03C6FE6B8B99}.Debug|x64.Build.0 = Debug|x64
		{EEEEB798-BFFD-425F-86F9-03C6FE6B8B99}.Release|Win32.ActiveCfg = Release|Win32
		{EEEEB798-BFFD-425F-86F9-03C6FE6B8B99}.Release|Win32.Build.0 = Release|Win32
		{EEEEB798-BFFD-425F-86F9-03C6FE6B8B99}.Release|x64.ActiveCfg = Release|x64
		{EEEEB798-BFFD-425F-86F9-03C6FE6B8B99}.Release|x64.Build.0 = Release|x64
		{1F40CF41-9836-4488-BAAF-560623665C12}.Debug|Win32.ActiveCfg = Debug|Win32
		{1F40CF41-9836-4488-BAAF-560623665C12}.Debug|Win32.Build.0 = Debug|Win32
		{1F40CF41-9836-4488-BAAF-560623665C12}.Debug|x64.ActiveCfg = Debug|x64
		{1F40CF41-9836-4488-BAAF-560623665C12}.Debug|x64.Build.0 = Debug|x64
		{1F40CF41-9836-4488-BAAF-560623665C12}.Release|Win32.ActiveCfg = Release|Win32
		{1F40CF41-9836-4488-BAAF-560623665C12}.Release|Win32.Build.0 = Release|Win32
		{1F40CF41-9836-4488-BAAF-560623665C12}.Release|x64.ActiveCfg = Release|x64
		{1F40CF41-9836-4488-BAAF-560623665C12}.Release|x64.Build.0 = Release|x64
		{800CB1FF-C398-4B81-B3D6-8BBD9E0897D2}.Debug|Win32.ActiveCfg = Debug|Win32
		{800CB1FF-C398-4B81-B3D6-8BBD9E0897D2}.Debug|Win32.Build.0 = Debug|Win32
		{800CB1FF-C398-4B81-B3D6-8BBD9E0897D2}.Debug|x64.ActiveCfg = Debug|x64
		{800CB1FF-C398-4B81-B3D6-8BBD9E0897D2}.Debug|x64.Build.0 = Debug|x64
		{800CB1FF-C398-4B81-B3D6-8BBD9E0897D2}.Release|Win32.ActiveCfg = Release|Win32
		{800CB1FF-C398-4B81-B3D6-8BBD9E0897D2}.Release|Win32.Build.0 = Release|Win32
		{800CB1FF-C398-4B81-B3D6-8BBD9E0897D2}.Release|x64.ActiveCfg = Release|x64
		{800CB1FF-C398-4B81-B3D6-8BBD9E0897D2}.Release|x64.Build.0 = Release|x64
		{22540CD3-D3CA-4C86-A773-80AEEE3ACDED}.Debug|Win32.ActiveCfg = Debug|Win32
		{22540CD3-D3CA-4C86-A773-80AEEE3ACDED}.Debug|Win32.Build.0 = Debug|Win32
		{22540CD3-D3CA-4C86-A773-80AEEE3ACDED}.Debug|x64.ActiveCfg = Debug|x64
		{22540CD3-D3CA-4C86-A773-80AEEE3ACDED}.Debug|x64.Build.0 = Debug|x64
		{22540CD3-D3CA-4C86-A773-80AEEE3ACDED}.Release|Win32.ActiveCfg = Release|Win32
		{22540CD3-D3CA-4C86-A773-80AEEE3ACDED}.Release|Win32.Build.0 = Release|Win32
		{22540CD3-D3CA-4C86-A773-80AEEE3ACDED}.Release|x64.ActiveCfg = Release|x64
		{22540CD3-D3CA-4C86-A773-80AEEE3ACDED}.Release|x64.Build.0 = Release|x64
		{FA27B353-179C-4DE8-B3AC-E260F8F790DD}.Debug|Win32.ActiveCfg = Debug|Win32
		{FA27B353-179C-4DE8-B3AC-E260F8F790DD}.Debug|Win32.Build.0 = Debug|Win32
		{FA27B353-179C-4DE8-B3AC-E260F8F790DD}.Debug|x64.ActiveCfg = Debug|Win32
		{FA27B353-179C-4DE8-B3AC-E260F8F790DD}.Release|Win32.ActiveCfg = Release|Win32
		{FA27B353-179C-4DE8-B3AC-E260F8F790DD}.Release|Win32.Build.0 = Release|Win32
		{FA27B353-179C-4DE8-B3AC-E260F8F790DD}.Release|x64.ActiveCfg = Release|Win32
	EndGlobalSection
	GlobalSection(SolutionProperties) = preSolution
		HideSolutionNode = FALSE
	EndGlobalSection
EndGlobal
